
Microsoft Visual Studio Solution File, Format Version 12.00
# Visual Studio Version 17
VisualStudioVersion = 17.11.35208.52
MinimumVisualStudioVersion = 10.0.40219.1
Project("{FAE04EC0-301F-11D3-BF4B-00C04F79EFBC}") = "BusinessObjects", "BusinessObjects\BusinessObjects.csproj", "{2BDA7421-FB75-431F-8A0D-6CCC58E6DEB8}"
EndProject
Project("{FAE04EC0-301F-11D3-BF4B-00C04F79EFBC}") = "DataAccessLayer", "DataAccessLayer\DataAccessLayer.csproj", "{F2693B04-2E44-4BA3-9E4B-802F38368A3F}"
EndProject
Project("{FAE04EC0-301F-11D3-BF4B-00C04F79EFBC}") = "Repositories", "Repositories\Repositories.csproj", "{687555E0-3F5D-4B71-ABA0-D70D276968E4}"
EndProject
Project("{FAE04EC0-301F-11D3-BF4B-00C04F79EFBC}") = "WPFApp", "WPFApp\WPFApp.csproj", "{B8B91C5A-4475-4445-9D5B-28A176C35BEA}"
EndProject
Global
	GlobalSection(SolutionConfigurationPlatforms) = preSolution
		Debug|Any CPU = Debug|Any CPU
		Release|Any CPU = Release|Any CPU
	EndGlobalSection
	GlobalSection(ProjectConfigurationPlatforms) = postSolution
		{2BDA7421-FB75-431F-8A0D-6CCC58E6DEB8}.Debug|Any CPU.ActiveCfg = Debug|Any CPU
		{2BDA7421-FB75-431F-8A0D-6CCC58E6DEB8}.Debug|Any CPU.Build.0 = Debug|Any CPU
		{2BDA7421-FB75-431F-8A0D-6CCC58E6DEB8}.Release|Any CPU.ActiveCfg = Release|Any CPU
		{2BDA7421-FB75-431F-8A0D-6CCC58E6DEB8}.Release|Any CPU.Build.0 = Release|Any CPU
		{F2693B04-2E44-4BA3-9E4B-802F38368A3F}.Debug|Any CPU.ActiveCfg = Debug|Any CPU
		{F2693B04-2E44-4BA3-9E4B-802F38368A3F}.Debug|Any CPU.Build.0 = Debug|Any CPU
		{F2693B04-2E44-4BA3-9E4B-802F38368A3F}.Release|Any CPU.ActiveCfg = Release|Any CPU
		{F2693B04-2E44-4BA3-9E4B-802F38368A3F}.Release|Any CPU.Build.0 = Release|Any CPU
		{687555E0-3F5D-4B71-ABA0-D70D276968E4}.Debug|Any CPU.ActiveCfg = Debug|Any CPU
		{687555E0-3F5D-4B71-ABA0-D70D276968E4}.Debug|Any CPU.Build.0 = Debug|Any CPU
		{687555E0-3F5D-4B71-ABA0-D70D276968E4}.Release|Any CPU.ActiveCfg = Release|Any CPU
		{687555E0-3F5D-4B71-ABA0-D70D276968E4}.Release|Any CPU.Build.0 = Release|Any CPU
		{B8B91C5A-4475-4445-9D5B-28A176C35BEA}.Debug|Any CPU.ActiveCfg = Debug|Any CPU
		{B8B91C5A-4475-4445-9D5B-28A176C35BEA}.Debug|Any CPU.Build.0 = Debug|Any CPU
		{B8B91C5A-4475-4445-9D5B-28A176C35BEA}.Release|Any CPU.ActiveCfg = Release|Any CPU
		{B8B91C5A-4475-4445-9D5B-28A176C35BEA}.Release|Any CPU.Build.0 = Release|Any CPU
	EndGlobalSection
	GlobalSection(SolutionProperties) = preSolution
		HideSolutionNode = FALSE
	EndGlobalSection
	GlobalSection(ExtensibilityGlobals) = postSolution
		SolutionGuid = {187D0759-5B9F-4BC8-B806-F005D1072D45}
	EndGlobalSection
EndGlobal
